
Microsoft Visual Studio Solution File, Format Version 12.00
# Visual Studio 15
VisualStudioVersion = 15.0.28010.2048
MinimumVisualStudioVersion = 10.0.40219.1
Project("{FAE04EC0-301F-11D3-BF4B-00C04F79EFBC}") = "ConsoleApp9", "ConsoleApp9\ConsoleApp9.csproj", "{F279A7DA-F144-406F-944A-3F9438646A8E}"
EndProject
Global
	GlobalSection(SolutionConfigurationPlatforms) = preSolution
		Debug|Any CPU = Debug|Any CPU
		Release|Any CPU = Release|Any CPU
	EndGlobalSection
	GlobalSection(ProjectConfigurationPlatforms) = postSolution
		{F279A7DA-F144-406F-944A-3F9438646A8E}.Debug|Any CPU.ActiveCfg = Debug|Any CPU
		{F279A7DA-F144-406F-944A-3F9438646A8E}.Debug|Any CPU.Build.0 = Debug|Any CPU
		{F279A7DA-F144-406F-944A-3F9438646A8E}.Release|Any CPU.ActiveCfg = Release|Any CPU
		{F279A7DA-F144-406F-944A-3F9438646A8E}.Release|Any CPU.Build.0 = Release|Any CPU
	EndGlobalSection
	GlobalSection(SolutionProperties) = preSolution
		HideSolutionNode = FALSE
	EndGlobalSection
	GlobalSection(ExtensibilityGlobals) = postSolution
		SolutionGuid = {F0D31E90-644E-45B4-B951-50BF1C2F3726}
	EndGlobalSection
EndGlobal
